
Microsoft Visual Studio Solution File, Format Version 12.00
# Visual Studio Version 17
VisualStudioVersion = 17.5.002.0
MinimumVisualStudioVersion = 10.0.40219.1
Project("{2150E333-8FDC-42A3-9474-1A3956D46DE8}") = "Listas", "Listas", "{9A05F81C-A566-4AEE-B48C-7722AE528E40}"
EndProject
Project("{2150E333-8FDC-42A3-9474-1A3956D46DE8}") = "Lista1", "Lista1", "{AAEAC8E3-CD29-4B87-BF51-616D0308D2F1}"
EndProject
Project("{9A19103F-16F7-4668-BE54-9A1E7A4F7556}") = "exercicio1", "Listas\Lista1\exercicio1\exercicio1.csproj", "{4E825803-5F26-42F4-894C-8C14A58B01A2}"
EndProject
Project("{9A19103F-16F7-4668-BE54-9A1E7A4F7556}") = "exercicio2", "Listas\Lista1\exercicio2\exercicio2.csproj", "{D5D70E5A-D73C-48A8-AE0D-FCAE8125BFD4}"
EndProject
Project("{9A19103F-16F7-4668-BE54-9A1E7A4F7556}") = "exercicio3", "Listas\Lista1\exercicio3\exercicio3.csproj", "{D845686F-DC97-4B1C-A48C-1093FC763FA7}"
EndProject
Global
	GlobalSection(SolutionConfigurationPlatforms) = preSolution
		Debug|Any CPU = Debug|Any CPU
		Release|Any CPU = Release|Any CPU
	EndGlobalSection
	GlobalSection(ProjectConfigurationPlatforms) = postSolution
		{4E825803-5F26-42F4-894C-8C14A58B01A2}.Debug|Any CPU.ActiveCfg = Debug|Any CPU
		{4E825803-5F26-42F4-894C-8C14A58B01A2}.Debug|Any CPU.Build.0 = Debug|Any CPU
		{4E825803-5F26-42F4-894C-8C14A58B01A2}.Release|Any CPU.ActiveCfg = Release|Any CPU
		{4E825803-5F26-42F4-894C-8C14A58B01A2}.Release|Any CPU.Build.0 = Release|Any CPU
		{D5D70E5A-D73C-48A8-AE0D-FCAE8125BFD4}.Debug|Any CPU.ActiveCfg = Debug|Any CPU
		{D5D70E5A-D73C-48A8-AE0D-FCAE8125BFD4}.Debug|Any CPU.Build.0 = Debug|Any CPU
		{D5D70E5A-D73C-48A8-AE0D-FCAE8125BFD4}.Release|Any CPU.ActiveCfg = Release|Any CPU
		{D5D70E5A-D73C-48A8-AE0D-FCAE8125BFD4}.Release|Any CPU.Build.0 = Release|Any CPU
		{D845686F-DC97-4B1C-A48C-1093FC763FA7}.Debug|Any CPU.ActiveCfg = Debug|Any CPU
		{D845686F-DC97-4B1C-A48C-1093FC763FA7}.Debug|Any CPU.Build.0 = Debug|Any CPU
		{D845686F-DC97-4B1C-A48C-1093FC763FA7}.Release|Any CPU.ActiveCfg = Release|Any CPU
		{D845686F-DC97-4B1C-A48C-1093FC763FA7}.Release|Any CPU.Build.0 = Release|Any CPU
	EndGlobalSection
	GlobalSection(SolutionProperties) = preSolution
		HideSolutionNode = FALSE
	EndGlobalSection
	GlobalSection(NestedProjects) = preSolution
		{AAEAC8E3-CD29-4B87-BF51-616D0308D2F1} = {9A05F81C-A566-4AEE-B48C-7722AE528E40}
		{4E825803-5F26-42F4-894C-8C14A58B01A2} = {AAEAC8E3-CD29-4B87-BF51-616D0308D2F1}
		{D5D70E5A-D73C-48A8-AE0D-FCAE8125BFD4} = {AAEAC8E3-CD29-4B87-BF51-616D0308D2F1}
		{D845686F-DC97-4B1C-A48C-1093FC763FA7} = {AAEAC8E3-CD29-4B87-BF51-616D0308D2F1}
	EndGlobalSection
	GlobalSection(ExtensibilityGlobals) = postSolution
		SolutionGuid = {2B0FBE47-A824-43C4-9D11-AC7D9C27A071}
	EndGlobalSection
EndGlobal
