
Microsoft Visual Studio Solution File, Format Version 12.00
# Visual Studio Version 17
VisualStudioVersion = 17.5.002.0
MinimumVisualStudioVersion = 10.0.40219.1
Project("{9A19103F-16F7-4668-BE54-9A1E7A4F7556}") = "exercicio4", "exercicio4.csproj", "{24907959-C01B-4884-86CB-091B3F79D2FA}"
EndProject
Global
	GlobalSection(SolutionConfigurationPlatforms) = preSolution
		Debug|Any CPU = Debug|Any CPU
		Release|Any CPU = Release|Any CPU
	EndGlobalSection
	GlobalSection(ProjectConfigurationPlatforms) = postSolution
		{24907959-C01B-4884-86CB-091B3F79D2FA}.Debug|Any CPU.ActiveCfg = Debug|Any CPU
		{24907959-C01B-4884-86CB-091B3F79D2FA}.Debug|Any CPU.Build.0 = Debug|Any CPU
		{24907959-C01B-4884-86CB-091B3F79D2FA}.Release|Any CPU.ActiveCfg = Release|Any CPU
		{24907959-C01B-4884-86CB-091B3F79D2FA}.Release|Any CPU.Build.0 = Release|Any CPU
	EndGlobalSection
	GlobalSection(SolutionProperties) = preSolution
		HideSolutionNode = FALSE
	EndGlobalSection
	GlobalSection(ExtensibilityGlobals) = postSolution
		SolutionGuid = {5E0C0014-D6A3-49C4-BE5C-539072A45933}
	EndGlobalSection
EndGlobal
