
Microsoft Visual Studio Solution File, Format Version 12.00
# Visual Studio Version 17
VisualStudioVersion = 17.5.002.0
MinimumVisualStudioVersion = 10.0.40219.1
Project("{9A19103F-16F7-4668-BE54-9A1E7A4F7556}") = "exercicio1", "exercicio1.csproj", "{4A26D7C0-11F6-4611-980C-11AF85CB3364}"
EndProject
Global
	GlobalSection(SolutionConfigurationPlatforms) = preSolution
		Debug|Any CPU = Debug|Any CPU
		Release|Any CPU = Release|Any CPU
	EndGlobalSection
	GlobalSection(ProjectConfigurationPlatforms) = postSolution
		{4A26D7C0-11F6-4611-980C-11AF85CB3364}.Debug|Any CPU.ActiveCfg = Debug|Any CPU
		{4A26D7C0-11F6-4611-980C-11AF85CB3364}.Debug|Any CPU.Build.0 = Debug|Any CPU
		{4A26D7C0-11F6-4611-980C-11AF85CB3364}.Release|Any CPU.ActiveCfg = Release|Any CPU
		{4A26D7C0-11F6-4611-980C-11AF85CB3364}.Release|Any CPU.Build.0 = Release|Any CPU
	EndGlobalSection
	GlobalSection(SolutionProperties) = preSolution
		HideSolutionNode = FALSE
	EndGlobalSection
	GlobalSection(ExtensibilityGlobals) = postSolution
		SolutionGuid = {6DC932EF-2A3F-4617-8E91-B6AC865ADBB4}
	EndGlobalSection
EndGlobal
