
Microsoft Visual Studio Solution File, Format Version 12.00
# Visual Studio Version 17
VisualStudioVersion = 17.5.002.0
MinimumVisualStudioVersion = 10.0.40219.1
Project("{9A19103F-16F7-4668-BE54-9A1E7A4F7556}") = "exercicio3", "exercicio3.csproj", "{F9FC4B94-A950-4A74-B5A3-4A365F7C5C60}"
EndProject
Global
	GlobalSection(SolutionConfigurationPlatforms) = preSolution
		Debug|Any CPU = Debug|Any CPU
		Release|Any CPU = Release|Any CPU
	EndGlobalSection
	GlobalSection(ProjectConfigurationPlatforms) = postSolution
		{F9FC4B94-A950-4A74-B5A3-4A365F7C5C60}.Debug|Any CPU.ActiveCfg = Debug|Any CPU
		{F9FC4B94-A950-4A74-B5A3-4A365F7C5C60}.Debug|Any CPU.Build.0 = Debug|Any CPU
		{F9FC4B94-A950-4A74-B5A3-4A365F7C5C60}.Release|Any CPU.ActiveCfg = Release|Any CPU
		{F9FC4B94-A950-4A74-B5A3-4A365F7C5C60}.Release|Any CPU.Build.0 = Release|Any CPU
	EndGlobalSection
	GlobalSection(SolutionProperties) = preSolution
		HideSolutionNode = FALSE
	EndGlobalSection
	GlobalSection(ExtensibilityGlobals) = postSolution
		SolutionGuid = {1FD046AF-AEB8-4350-9759-BEB2F268651C}
	EndGlobalSection
EndGlobal
