
Microsoft Visual Studio Solution File, Format Version 12.00
# Visual Studio Version 17
VisualStudioVersion = 17.5.002.0
MinimumVisualStudioVersion = 10.0.40219.1
Project("{9A19103F-16F7-4668-BE54-9A1E7A4F7556}") = "exercicio2", "exercicio2.csproj", "{A61C0B6E-B48C-4D76-81D9-4099FB1544B3}"
EndProject
Global
	GlobalSection(SolutionConfigurationPlatforms) = preSolution
		Debug|Any CPU = Debug|Any CPU
		Release|Any CPU = Release|Any CPU
	EndGlobalSection
	GlobalSection(ProjectConfigurationPlatforms) = postSolution
		{A61C0B6E-B48C-4D76-81D9-4099FB1544B3}.Debug|Any CPU.ActiveCfg = Debug|Any CPU
		{A61C0B6E-B48C-4D76-81D9-4099FB1544B3}.Debug|Any CPU.Build.0 = Debug|Any CPU
		{A61C0B6E-B48C-4D76-81D9-4099FB1544B3}.Release|Any CPU.ActiveCfg = Release|Any CPU
		{A61C0B6E-B48C-4D76-81D9-4099FB1544B3}.Release|Any CPU.Build.0 = Release|Any CPU
	EndGlobalSection
	GlobalSection(SolutionProperties) = preSolution
		HideSolutionNode = FALSE
	EndGlobalSection
	GlobalSection(ExtensibilityGlobals) = postSolution
		SolutionGuid = {17912F2B-3B09-40A7-A41E-D12F274D230F}
	EndGlobalSection
EndGlobal
