
Microsoft Visual Studio Solution File, Format Version 12.00
# Visual Studio Version 17
VisualStudioVersion = 17.5.002.0
MinimumVisualStudioVersion = 10.0.40219.1
Project("{9A19103F-16F7-4668-BE54-9A1E7A4F7556}") = "exercicio2", "exercicio2.csproj", "{922D0834-E43B-48BE-A08E-C08D898D6B73}"
EndProject
Global
	GlobalSection(SolutionConfigurationPlatforms) = preSolution
		Debug|Any CPU = Debug|Any CPU
		Release|Any CPU = Release|Any CPU
	EndGlobalSection
	GlobalSection(ProjectConfigurationPlatforms) = postSolution
		{922D0834-E43B-48BE-A08E-C08D898D6B73}.Debug|Any CPU.ActiveCfg = Debug|Any CPU
		{922D0834-E43B-48BE-A08E-C08D898D6B73}.Debug|Any CPU.Build.0 = Debug|Any CPU
		{922D0834-E43B-48BE-A08E-C08D898D6B73}.Release|Any CPU.ActiveCfg = Release|Any CPU
		{922D0834-E43B-48BE-A08E-C08D898D6B73}.Release|Any CPU.Build.0 = Release|Any CPU
	EndGlobalSection
	GlobalSection(SolutionProperties) = preSolution
		HideSolutionNode = FALSE
	EndGlobalSection
	GlobalSection(ExtensibilityGlobals) = postSolution
		SolutionGuid = {BD5B3F38-6BA4-42F5-9C00-EDEFDD4BEAFD}
	EndGlobalSection
EndGlobal
