
Microsoft Visual Studio Solution File, Format Version 12.00
# Visual Studio Version 17
VisualStudioVersion = 17.5.002.0
MinimumVisualStudioVersion = 10.0.40219.1
Project("{9A19103F-16F7-4668-BE54-9A1E7A4F7556}") = "exercicio4", "exercicio4.csproj", "{720936E9-53C1-40B8-85E4-FE7B0DBB9897}"
EndProject
Global
	GlobalSection(SolutionConfigurationPlatforms) = preSolution
		Debug|Any CPU = Debug|Any CPU
		Release|Any CPU = Release|Any CPU
	EndGlobalSection
	GlobalSection(ProjectConfigurationPlatforms) = postSolution
		{720936E9-53C1-40B8-85E4-FE7B0DBB9897}.Debug|Any CPU.ActiveCfg = Debug|Any CPU
		{720936E9-53C1-40B8-85E4-FE7B0DBB9897}.Debug|Any CPU.Build.0 = Debug|Any CPU
		{720936E9-53C1-40B8-85E4-FE7B0DBB9897}.Release|Any CPU.ActiveCfg = Release|Any CPU
		{720936E9-53C1-40B8-85E4-FE7B0DBB9897}.Release|Any CPU.Build.0 = Release|Any CPU
	EndGlobalSection
	GlobalSection(SolutionProperties) = preSolution
		HideSolutionNode = FALSE
	EndGlobalSection
	GlobalSection(ExtensibilityGlobals) = postSolution
		SolutionGuid = {B789879F-674B-4318-BABC-9141A304AE69}
	EndGlobalSection
EndGlobal
