
Microsoft Visual Studio Solution File, Format Version 12.00
# Visual Studio Version 17
VisualStudioVersion = 17.5.002.0
MinimumVisualStudioVersion = 10.0.40219.1
Project("{9A19103F-16F7-4668-BE54-9A1E7A4F7556}") = "exercicio3", "exercicio3.csproj", "{8FE22D4E-C7A4-46CA-B493-6AF1293F9F96}"
EndProject
Global
	GlobalSection(SolutionConfigurationPlatforms) = preSolution
		Debug|Any CPU = Debug|Any CPU
		Release|Any CPU = Release|Any CPU
	EndGlobalSection
	GlobalSection(ProjectConfigurationPlatforms) = postSolution
		{8FE22D4E-C7A4-46CA-B493-6AF1293F9F96}.Debug|Any CPU.ActiveCfg = Debug|Any CPU
		{8FE22D4E-C7A4-46CA-B493-6AF1293F9F96}.Debug|Any CPU.Build.0 = Debug|Any CPU
		{8FE22D4E-C7A4-46CA-B493-6AF1293F9F96}.Release|Any CPU.ActiveCfg = Release|Any CPU
		{8FE22D4E-C7A4-46CA-B493-6AF1293F9F96}.Release|Any CPU.Build.0 = Release|Any CPU
	EndGlobalSection
	GlobalSection(SolutionProperties) = preSolution
		HideSolutionNode = FALSE
	EndGlobalSection
	GlobalSection(ExtensibilityGlobals) = postSolution
		SolutionGuid = {D51D1B31-74D4-4219-830E-BAD0509ADFE3}
	EndGlobalSection
EndGlobal
