
Microsoft Visual Studio Solution File, Format Version 12.00
# Visual Studio Version 17
VisualStudioVersion = 17.5.002.0
MinimumVisualStudioVersion = 10.0.40219.1
Project("{9A19103F-16F7-4668-BE54-9A1E7A4F7556}") = "exercicio6", "exercicio6.csproj", "{0C3F3B40-1C59-4C80-9AF7-2415DC808DB6}"
EndProject
Global
	GlobalSection(SolutionConfigurationPlatforms) = preSolution
		Debug|Any CPU = Debug|Any CPU
		Release|Any CPU = Release|Any CPU
	EndGlobalSection
	GlobalSection(ProjectConfigurationPlatforms) = postSolution
		{0C3F3B40-1C59-4C80-9AF7-2415DC808DB6}.Debug|Any CPU.ActiveCfg = Debug|Any CPU
		{0C3F3B40-1C59-4C80-9AF7-2415DC808DB6}.Debug|Any CPU.Build.0 = Debug|Any CPU
		{0C3F3B40-1C59-4C80-9AF7-2415DC808DB6}.Release|Any CPU.ActiveCfg = Release|Any CPU
		{0C3F3B40-1C59-4C80-9AF7-2415DC808DB6}.Release|Any CPU.Build.0 = Release|Any CPU
	EndGlobalSection
	GlobalSection(SolutionProperties) = preSolution
		HideSolutionNode = FALSE
	EndGlobalSection
	GlobalSection(ExtensibilityGlobals) = postSolution
		SolutionGuid = {0BE0A81F-167E-4588-B492-D12AA78E4D68}
	EndGlobalSection
EndGlobal
